
Microsoft Visual Studio Solution File, Format Version 12.00
# Visual Studio Version 17
VisualStudioVersion = 17.9.34723.18
MinimumVisualStudioVersion = 10.0.40219.1
Project("{9A19103F-16F7-4668-BE54-9A1E7A4F7556}") = "Poker", "Poker\Poker.csproj", "{D0D50451-8BC2-4F97-B88B-ED1BCAFBC8A1}"
EndProject
Project("{FAE04EC0-301F-11D3-BF4B-00C04F79EFBC}") = "PokerTests", "PokerTests\PokerTests.csproj", "{5D6DE450-82AB-4BA8-A4DB-94A74C3ACE76}"
EndProject
Global
	GlobalSection(SolutionConfigurationPlatforms) = preSolution
		Debug|Any CPU = Debug|Any CPU
		Release|Any CPU = Release|Any CPU
	EndGlobalSection
	GlobalSection(ProjectConfigurationPlatforms) = postSolution
		{D0D50451-8BC2-4F97-B88B-ED1BCAFBC8A1}.Debug|Any CPU.ActiveCfg = Debug|Any CPU
		{D0D50451-8BC2-4F97-B88B-ED1BCAFBC8A1}.Debug|Any CPU.Build.0 = Debug|Any CPU
		{D0D50451-8BC2-4F97-B88B-ED1BCAFBC8A1}.Release|Any CPU.ActiveCfg = Release|Any CPU
		{D0D50451-8BC2-4F97-B88B-ED1BCAFBC8A1}.Release|Any CPU.Build.0 = Release|Any CPU
		{5D6DE450-82AB-4BA8-A4DB-94A74C3ACE76}.Debug|Any CPU.ActiveCfg = Debug|Any CPU
		{5D6DE450-82AB-4BA8-A4DB-94A74C3ACE76}.Debug|Any CPU.Build.0 = Debug|Any CPU
		{5D6DE450-82AB-4BA8-A4DB-94A74C3ACE76}.Release|Any CPU.ActiveCfg = Release|Any CPU
		{5D6DE450-82AB-4BA8-A4DB-94A74C3ACE76}.Release|Any CPU.Build.0 = Release|Any CPU
	EndGlobalSection
	GlobalSection(SolutionProperties) = preSolution
		HideSolutionNode = FALSE
	EndGlobalSection
	GlobalSection(ExtensibilityGlobals) = postSolution
		SolutionGuid = {BF88923B-E369-4DB5-82BD-442F39A3554A}
	EndGlobalSection
EndGlobal
